Microsoft Visual Studio Solution File, Format Version 11.00
# Visual Studio 2008

Project("{9FE256BB-887A-408A-514A-5813BBC82664}") = "Bisk_Block_World", "Assembly-CSharp.csproj", "{442F6F55-F687-DDA7-05FF-D1AE2D7691F5}"
EndProject
Global
	GlobalSection(SolutionConfigurationPlatforms) = preSolution
		Debug|Any CPU = Debug|Any CPU
		Release|Any CPU = Release|Any CPU
	EndGlobalSection
	GlobalSection(ProjectConfigurationPlatforms) = postSolution
		{442F6F55-F687-DDA7-05FF-D1AE2D7691F5}.Debug|Any CPU.ActiveCfg = Debug|Any CPU
		{442F6F55-F687-DDA7-05FF-D1AE2D7691F5}.Debug|Any CPU.Build.0 = Debug|Any CPU
		{442F6F55-F687-DDA7-05FF-D1AE2D7691F5}.Release|Any CPU.ActiveCfg = Release|Any CPU
		{442F6F55-F687-DDA7-05FF-D1AE2D7691F5}.Release|Any CPU.Build.0 = Release|Any CPU
	EndGlobalSection
	GlobalSection(SolutionProperties) = preSolution
		HideSolutionNode = FALSE
	EndGlobalSection
	GlobalSection(MonoDevelopProperties) = preSolution
		StartupItem = Assembly-CSharp.csproj
	EndGlobalSection
EndGlobal
