
Microsoft Visual Studio Solution File, Format Version 11.00
# Visual Studio 2010
Project("{FAE04EC0-301F-11D3-BF4B-00C04F79EFBC}") = "BlockWorldSimulator", "Assembly-CSharp.csproj", "{475A6C98-05D6-9F37-4E21-D89BAD7EF74C}"
EndProject
Global
	GlobalSection(SolutionConfigurationPlatforms) = preSolution
		Debug|Any CPU = Debug|Any CPU
		Release|Any CPU = Release|Any CPU
	EndGlobalSection
	GlobalSection(ProjectConfigurationPlatforms) = postSolution
		{475A6C98-05D6-9F37-4E21-D89BAD7EF74C}.Debug|Any CPU.ActiveCfg = Debug|Any CPU
		{475A6C98-05D6-9F37-4E21-D89BAD7EF74C}.Debug|Any CPU.Build.0 = Debug|Any CPU
		{475A6C98-05D6-9F37-4E21-D89BAD7EF74C}.Release|Any CPU.ActiveCfg = Release|Any CPU
		{475A6C98-05D6-9F37-4E21-D89BAD7EF74C}.Release|Any CPU.Build.0 = Release|Any CPU
	EndGlobalSection
	GlobalSection(SolutionProperties) = preSolution
		HideSolutionNode = FALSE
	EndGlobalSection
	GlobalSection(MonoDevelopProperties) = preSolution
		StartupItem = Assembly-CSharp.csproj
	EndGlobalSection
EndGlobal
